
Microsoft Visual Studio Solution File, Format Version 12.00
# Visual Studio Version 17
VisualStudioVersion = 17.11.35312.102
MinimumVisualStudioVersion = 10.0.40219.1
Project("{FAE04EC0-301F-11D3-BF4B-00C04F79EFBC}") = "LABA1_ZAD1_5", "LABA1_ZAD1_5\LABA1_ZAD1_5.csproj", "{307DCC04-6617-4616-A79F-DB841978D269}"
EndProject
Global
	GlobalSection(SolutionConfigurationPlatforms) = preSolution
		Debug|Any CPU = Debug|Any CPU
		Release|Any CPU = Release|Any CPU
	EndGlobalSection
	GlobalSection(ProjectConfigurationPlatforms) = postSolution
		{307DCC04-6617-4616-A79F-DB841978D269}.Debug|Any CPU.ActiveCfg = Debug|Any CPU
		{307DCC04-6617-4616-A79F-DB841978D269}.Debug|Any CPU.Build.0 = Debug|Any CPU
		{307DCC04-6617-4616-A79F-DB841978D269}.Release|Any CPU.ActiveCfg = Release|Any CPU
		{307DCC04-6617-4616-A79F-DB841978D269}.Release|Any CPU.Build.0 = Release|Any CPU
	EndGlobalSection
	GlobalSection(SolutionProperties) = preSolution
		HideSolutionNode = FALSE
	EndGlobalSection
	GlobalSection(ExtensibilityGlobals) = postSolution
		SolutionGuid = {8A1FF65C-F2EB-4755-9039-3203D579AAFD}
	EndGlobalSection
EndGlobal
