
Microsoft Visual Studio Solution File, Format Version 12.00
# Visual Studio Version 17
VisualStudioVersion = 17.11.35312.102
MinimumVisualStudioVersion = 10.0.40219.1
Project("{FAE04EC0-301F-11D3-BF4B-00C04F79EFBC}") = "laba4_zad6", "laba4_zad6\laba4_zad6.csproj", "{CCFE0B33-D9EE-4887-AC57-2323D6D696AE}"
EndProject
Global
	GlobalSection(SolutionConfigurationPlatforms) = preSolution
		Debug|Any CPU = Debug|Any CPU
		Release|Any CPU = Release|Any CPU
	EndGlobalSection
	GlobalSection(ProjectConfigurationPlatforms) = postSolution
		{CCFE0B33-D9EE-4887-AC57-2323D6D696AE}.Debug|Any CPU.ActiveCfg = Debug|Any CPU
		{CCFE0B33-D9EE-4887-AC57-2323D6D696AE}.Debug|Any CPU.Build.0 = Debug|Any CPU
		{CCFE0B33-D9EE-4887-AC57-2323D6D696AE}.Release|Any CPU.ActiveCfg = Release|Any CPU
		{CCFE0B33-D9EE-4887-AC57-2323D6D696AE}.Release|Any CPU.Build.0 = Release|Any CPU
	EndGlobalSection
	GlobalSection(SolutionProperties) = preSolution
		HideSolutionNode = FALSE
	EndGlobalSection
	GlobalSection(ExtensibilityGlobals) = postSolution
		SolutionGuid = {8823E22F-F8C3-4F2C-A4E3-6DD0214BDEFD}
	EndGlobalSection
EndGlobal
