
Microsoft Visual Studio Solution File, Format Version 12.00
# Visual Studio Version 17
VisualStudioVersion = 17.11.35312.102
MinimumVisualStudioVersion = 10.0.40219.1
Project("{FAE04EC0-301F-11D3-BF4B-00C04F79EFBC}") = "LABA4_ZAD1-5_4", "LABA4_ZAD1-5_4\LABA4_ZAD1-5_4.csproj", "{B03233C1-ACDB-44D0-A1BF-B4895DB50E08}"
EndProject
Global
	GlobalSection(SolutionConfigurationPlatforms) = preSolution
		Debug|Any CPU = Debug|Any CPU
		Release|Any CPU = Release|Any CPU
	EndGlobalSection
	GlobalSection(ProjectConfigurationPlatforms) = postSolution
		{B03233C1-ACDB-44D0-A1BF-B4895DB50E08}.Debug|Any CPU.ActiveCfg = Debug|Any CPU
		{B03233C1-ACDB-44D0-A1BF-B4895DB50E08}.Debug|Any CPU.Build.0 = Debug|Any CPU
		{B03233C1-ACDB-44D0-A1BF-B4895DB50E08}.Release|Any CPU.ActiveCfg = Release|Any CPU
		{B03233C1-ACDB-44D0-A1BF-B4895DB50E08}.Release|Any CPU.Build.0 = Release|Any CPU
	EndGlobalSection
	GlobalSection(SolutionProperties) = preSolution
		HideSolutionNode = FALSE
	EndGlobalSection
	GlobalSection(ExtensibilityGlobals) = postSolution
		SolutionGuid = {F23467BB-5DD8-42B9-90DB-A0BDEF56A845}
	EndGlobalSection
EndGlobal
