
Microsoft Visual Studio Solution File, Format Version 12.00
# Visual Studio Version 17
VisualStudioVersion = 17.11.35312.102
MinimumVisualStudioVersion = 10.0.40219.1
Project("{FAE04EC0-301F-11D3-BF4B-00C04F79EFBC}") = "LABA3_ZAD3_4", "LABA3_ZAD3_4\LABA3_ZAD3_4.csproj", "{659991BB-5E01-4057-8065-D6206B127487}"
EndProject
Global
	GlobalSection(SolutionConfigurationPlatforms) = preSolution
		Debug|Any CPU = Debug|Any CPU
		Release|Any CPU = Release|Any CPU
	EndGlobalSection
	GlobalSection(ProjectConfigurationPlatforms) = postSolution
		{659991BB-5E01-4057-8065-D6206B127487}.Debug|Any CPU.ActiveCfg = Debug|Any CPU
		{659991BB-5E01-4057-8065-D6206B127487}.Debug|Any CPU.Build.0 = Debug|Any CPU
		{659991BB-5E01-4057-8065-D6206B127487}.Release|Any CPU.ActiveCfg = Release|Any CPU
		{659991BB-5E01-4057-8065-D6206B127487}.Release|Any CPU.Build.0 = Release|Any CPU
	EndGlobalSection
	GlobalSection(SolutionProperties) = preSolution
		HideSolutionNode = FALSE
	EndGlobalSection
	GlobalSection(ExtensibilityGlobals) = postSolution
		SolutionGuid = {B505DB14-4C10-43DD-B11C-8737BC747CA0}
	EndGlobalSection
EndGlobal
